// !$*UTF8*$!
{
	archiveVersion = 1;
	classes = {
	};
	objectVersion = 50;
	objects = {

/* Begin PBXBuildFile section */
		51BC2505236CD58000C44F39 /* AppDelegate.swift in Sources */ = {isa = PBXBuildFile; fileRef = 51BC2504236CD58000C44F39 /* AppDelegate.swift */; };
		51BC2507236CD58000C44F39 /* SceneDelegate.swift in Sources */ = {isa = PBXBuildFile; fileRef = 51BC2506236CD58000C44F39 /* SceneDelegate.swift */; };
		51BC2509236CD58000C44F39 /* DrawViewController.swift in Sources */ = {isa = PBXBuildFile; fileRef = 51BC2508236CD58000C44F39 /* DrawViewController.swift */; };
		51BC250C236CD58000C44F39 /* Main.storyboard in Resources */ = {isa = PBXBuildFile; fileRef = 51BC250A236CD58000C44F39 /* Main.storyboard */; };
		51BC250E236CD58200C44F39 /* Assets.xcassets in Resources */ = {isa = PBXBuildFile; fileRef = 51BC250D236CD58200C44F39 /* Assets.xcassets */; };
		51BC2511236CD58200C44F39 /* LaunchScreen.storyboard in Resources */ = {isa = PBXBuildFile; fileRef = 51BC250F236CD58200C44F39 /* LaunchScreen.storyboard */; };
		51DE163B2373AFE400D67FEF /* DrawHere.swift in Sources */ = {isa = PBXBuildFile; fileRef = 51DE163A2373AFE400D67FEF /* DrawHere.swift */; };
		51DE163D2373B31700D67FEF /* Utils.swift in Sources */ = {isa = PBXBuildFile; fileRef = 51DE163C2373B31700D67FEF /* Utils.swift */; };
		51E23450236F2516009E31EF /* Color.swift in Sources */ = {isa = PBXBuildFile; fileRef = 51E2344F236F2516009E31EF /* Color.swift */; };
		51E6930A237A167D0063B151 /* MicInput.swift in Sources */ = {isa = PBXBuildFile; fileRef = 51E69309237A167D0063B151 /* MicInput.swift */; };
/* End PBXBuildFile section */

/* Begin PBXFileReference section */
		51BC2501236CD58000C44F39 /* DrawDraw.app */ = {isa = PBXFileReference; explicitFileType = wrapper.application; includeInIndex = 0; path = DrawDraw.app; sourceTree = BUILT_PRODUCTS_DIR; };
		51BC2504236CD58000C44F39 /* AppDelegate.swift */ = {isa = PBXFileReference; lastKnownFileType = sourcecode.swift; path = AppDelegate.swift; sourceTree = "<group>"; };
		51BC2506236CD58000C44F39 /* SceneDelegate.swift */ = {isa = PBXFileReference; lastKnownFileType = sourcecode.swift; path = SceneDelegate.swift; sourceTree = "<group>"; };
		51BC2508236CD58000C44F39 /* DrawViewController.swift */ = {isa = PBXFileReference; lastKnownFileType = sourcecode.swift; path = DrawViewController.swift; sourceTree = "<group>"; };
		51BC250B236CD58000C44F39 /* Base */ = {isa = PBXFileReference; lastKnownFileType = file.storyboard; name = Base; path = Base.lproj/Main.storyboard; sourceTree = "<group>"; };
		51BC250D236CD58200C44F39 /* Assets.xcassets */ = {isa = PBXFileReference; lastKnownFileType = folder.assetcatalog; path = Assets.xcassets; sourceTree = "<group>"; };
		51BC2510236CD58200C44F39 /* Base */ = {isa = PBXFileReference; lastKnownFileType = file.storyboard; name = Base; path = Base.lproj/LaunchScreen.storyboard; sourceTree = "<group>"; };
		51BC2512236CD58200C44F39 /* Info.plist */ = {isa = PBXFileReference; lastKnownFileType = text.plist.xml; path = Info.plist; sourceTree = "<group>"; };
		51DE163A2373AFE400D67FEF /* DrawHere.swift */ = {isa = PBXFileReference; lastKnownFileType = sourcecode.swift; path = DrawHere.swift; sourceTree = "<group>"; };
		51DE163C2373B31700D67FEF /* Utils.swift */ = {isa = PBXFileReference; lastKnownFileType = sourcecode.swift; path = Utils.swift; sourceTree = "<group>"; };
		51E2344F236F2516009E31EF /* Color.swift */ = {isa = PBXFileReference; lastKnownFileType = sourcecode.swift; path = Color.swift; sourceTree = "<group>"; };
		51E69309237A167D0063B151 /* MicInput.swift */ = {isa = PBXFileReference; lastKnownFileType = sourcecode.swift; path = MicInput.swift; sourceTree = "<group>"; };
/* End PBXFileReference section */

/* Begin PBXFrameworksBuildPhase section */
		51BC24FE236CD58000C44F39 /* Frameworks */ = {
			isa = PBXFrameworksBuildPhase;
			buildActionMask = 2147483647;
			files = (
			);
			runOnlyForDeploymentPostprocessing = 0;
		};
/* End PBXFrameworksBuildPhase section */

/* Begin PBXGroup section */
		51BC24F8236CD58000C44F39 = {
			isa = PBXGroup;
			children = (
				51BC2503236CD58000C44F39 /* DrawDraw */,
				51BC2502236CD58000C44F39 /* Products */,
			);
			sourceTree = "<group>";
		};
		51BC2502236CD58000C44F39 /* Products */ = {
			isa = PBXGroup;
			children = (
				51BC2501236CD58000C44F39 /* DrawDraw.app */,
			);
			name = Products;
			sourceTree = "<group>";
		};
		51BC2503236CD58000C44F39 /* DrawDraw */ = {
			isa = PBXGroup;
			children = (
				51BC2504236CD58000C44F39 /* AppDelegate.swift */,
				51BC2506236CD58000C44F39 /* SceneDelegate.swift */,
				51DE163E2373E23200D67FEF /* DrawDraw */,
				51DE163A2373AFE400D67FEF /* DrawHere.swift */,
				51BC250A236CD58000C44F39 /* Main.storyboard */,
				51BC250D236CD58200C44F39 /* Assets.xcassets */,
				51BC250F236CD58200C44F39 /* LaunchScreen.storyboard */,
				51BC2512236CD58200C44F39 /* Info.plist */,
			);
			path = DrawDraw;
			sourceTree = "<group>";
		};
		51DE163E2373E23200D67FEF /* DrawDraw */ = {
			isa = PBXGroup;
			children = (
				51BC2508236CD58000C44F39 /* DrawViewController.swift */,
				51DE163C2373B31700D67FEF /* Utils.swift */,
				51E2344F236F2516009E31EF /* Color.swift */,
				51E69309237A167D0063B151 /* MicInput.swift */,
			);
			path = DrawDraw;
			sourceTree = "<group>";
		};
/* End PBXGroup section */

/* Begin PBXNativeTarget section */
		51BC2500236CD58000C44F39 /* DrawDraw */ = {
			isa = PBXNativeTarget;
			buildConfigurationList = 51BC2515236CD58200C44F39 /* Build configuration list for PBXNativeTarget "DrawDraw" */;
			buildPhases = (
				51BC24FD236CD58000C44F39 /* Sources */,
				51BC24FE236CD58000C44F39 /* Frameworks */,
				51BC24FF236CD58000C44F39 /* Resources */,
			);
			buildRules = (
			);
			dependencies = (
			);
			name = DrawDraw;
			productName = DrawDraw;
			productReference = 51BC2501236CD58000C44F39 /* DrawDraw.app */;
			productType = "com.apple.product-type.application";
		};
/* End PBXNativeTarget section */

/* Begin PBXProject section */
		51BC24F9236CD58000C44F39 /* Project object */ = {
			isa = PBXProject;
			attributes = {
				LastSwiftUpdateCheck = 1110;
				LastUpgradeCheck = 1110;
				ORGANIZATIONNAME = "Masood Kamandy";
				TargetAttributes = {
					51BC2500236CD58000C44F39 = {
						CreatedOnToolsVersion = 11.1;
					};
				};
			};
			buildConfigurationList = 51BC24FC236CD58000C44F39 /* Build configuration list for PBXProject "DrawDraw" */;
			compatibilityVersion = "Xcode 9.3";
			developmentRegion = en;
			hasScannedForEncodings = 0;
			knownRegions = (
				en,
				Base,
			);
			mainGroup = 51BC24F8236CD58000C44F39;
			productRefGroup = 51BC2502236CD58000C44F39 /* Products */;
			projectDirPath = "";
			projectRoot = "";
			targets = (
				51BC2500236CD58000C44F39 /* DrawDraw */,
			);
		};
/* End PBXProject section */

/* Begin PBXResourcesBuildPhase section */
		51BC24FF236CD58000C44F39 /* Resources */ = {
			isa = PBXResourcesBuildPhase;
			buildActionMask = 2147483647;
			files = (
				51BC2511236CD58200C44F39 /* LaunchScreen.storyboard in Resources */,
				51BC250E236CD58200C44F39 /* Assets.xcassets in Resources */,
				51BC250C236CD58000C44F39 /* Main.storyboard in Resources */,
			);
			runOnlyForDeploymentPostprocessing = 0;
		};
/* End PBXResourcesBuildPhase section */

/* Begin PBXSourcesBuildPhase section */
		51BC24FD236CD58000C44F39 /* Sources */ = {
			isa = PBXSourcesBuildPhase;
			buildActionMask = 2147483647;
			files = (
				51BC2509236CD58000C44F39 /* DrawViewController.swift in Sources */,
				51E23450236F2516009E31EF /* Color.swift in Sources */,
				51DE163B2373AFE400D67FEF /* DrawHere.swift in Sources */,
				51BC2505236CD58000C44F39 /* AppDelegate.swift in Sources */,
				51BC2507236CD58000C44F39 /* SceneDelegate.swift in Sources */,
				51DE163D2373B31700D67FEF /* Utils.swift in Sources */,
				51E6930A237A167D0063B151 /* MicInput.swift in Sources */,
			);
			runOnlyForDeploymentPostprocessing = 0;
		};
/* End PBXSourcesBuildPhase section */

/* Begin PBXVariantGroup section */
		51BC250A236CD58000C44F39 /* Main.storyboard */ = {
			isa = PBXVariantGroup;
			children = (
				51BC250B236CD58000C44F39 /* Base */,
			);
			name = Main.storyboard;
			sourceTree = "<group>";
		};
		51BC250F236CD58200C44F39 /* LaunchScreen.storyboard */ = {
			isa = PBXVariantGroup;
			children = (
				51BC2510236CD58200C44F39 /* Base */,
			);
			name = LaunchScreen.storyboard;
			sourceTree = "<group>";
		};
/* End PBXVariantGroup section */

/* Begin XCBuildConfiguration section */
		51BC2513236CD58200C44F39 /* Debug */ = {
			isa = XCBuildConfiguration;
			buildSettings = {
				ALWAYS_SEARCH_USER_PATHS = NO;
				CLANG_ANALYZER_NONNULL = YES;
				CLANG_ANALYZER_NUMBER_OBJECT_CONVERSION = YES_AGGRESSIVE;
				CLANG_CXX_LANGUAGE_STANDARD = "gnu++14";
				CLANG_CXX_LIBRARY = "libc++";
				CLANG_ENABLE_MODULES = YES;
				CLANG_ENABLE_OBJC_ARC = YES;
				CLANG_ENABLE_OBJC_WEAK = YES;
				CLANG_WARN_BLOCK_CAPTURE_AUTORELEASING = YES;
				CLANG_WARN_BOOL_CONVERSION = YES;
				CLANG_WARN_COMMA = YES;
				CLANG_WARN_CONSTANT_CONVERSION = YES;
				CLANG_WARN_DEPRECATED_OBJC_IMPLEMENTATIONS = YES;
				CLANG_WARN_DIRECT_OBJC_ISA_USAGE = YES_ERROR;
				CLANG_WARN_DOCUMENTATION_COMMENTS = YES;
				CLANG_WARN_EMPTY_BODY = YES;
				CLANG_WARN_ENUM_CONVERSION = YES;
				CLANG_WARN_INFINITE_RECURSION = YES;
				CLANG_WARN_INT_CONVERSION = YES;
				CLANG_WARN_NON_LITERAL_NULL_CONVERSION = YES;
				CLANG_WARN_OBJC_IMPLICIT_RETAIN_SELF = YES;
				CLANG_WARN_OBJC_LITERAL_CONVERSION = YES;
				CLANG_WARN_OBJC_ROOT_CLASS = YES_ERROR;
				CLANG_WARN_RANGE_LOOP_ANALYSIS = YES;
				CLANG_WARN_STRICT_PROTOTYPES = YES;
				CLANG_WARN_SUSPICIOUS_MOVE = YES;
				CLANG_WARN_UNGUARDED_AVAILABILITY = YES_AGGRESSIVE;
				CLANG_WARN_UNREACHABLE_CODE = YES;
				CLANG_WARN__DUPLICATE_METHOD_MATCH = YES;
				COPY_PHASE_STRIP = NO;
				DEBUG_INFORMATION_FORMAT = dwarf;
				ENABLE_STRICT_OBJC_MSGSEND = YES;
				ENABLE_TESTABILITY = YES;
				GCC_C_LANGUAGE_STANDARD = gnu11;
				GCC_DYNAMIC_NO_PIC = NO;
				GCC_NO_COMMON_BLOCKS = YES;
				GCC_OPTIMIZATION_LEVEL = 0;
				GCC_PREPROCESSOR_DEFINITIONS = (
					"DEBUG=1",
					"$(inherited)",
				);
				GCC_WARN_64_TO_32_BIT_CONVERSION = YES;
				GCC_WARN_ABOUT_RETURN_TYPE = YES_ERROR;
				GCC_WARN_UNDECLARED_SELECTOR = YES;
				GCC_WARN_UNINITIALIZED_AUTOS = YES_AGGRESSIVE;
				GCC_WARN_UNUSED_FUNCTION = YES;
				GCC_WARN_UNUSED_VARIABLE = YES;
				IPHONEOS_DEPLOYMENT_TARGET = 13.1;
				MTL_ENABLE_DEBUG_INFO = INCLUDE_SOURCE;
				MTL_FAST_MATH = YES;
				ONLY_ACTIVE_ARCH = YES;
				SDKROOT = iphoneos;
				SWIFT_ACTIVE_COMPILATION_CONDITIONS = DEBUG;
				SWIFT_OPTIMIZATION_LEVEL = "-Onone";
			};
			name = Debug;
		};
		51BC2514236CD58200C44F39 /* Release */ = {
			isa = XCBuildConfiguration;
			buildSettings = {
				ALWAYS_SEARCH_USER_PATHS = NO;
				CLANG_ANALYZER_NONNULL = YES;
				CLANG_ANALYZER_NUMBER_OBJECT_CONVERSION = YES_AGGRESSIVE;
				CLANG_CXX_LANGUAGE_STANDARD = "gnu++14";
				CLANG_CXX_LIBRARY = "libc++";
				CLANG_ENABLE_MODULES = YES;
				CLANG_ENABLE_OBJC_ARC = YES;
				CLANG_ENABLE_OBJC_WEAK = YES;
				CLANG_WARN_BLOCK_CAPTURE_AUTORELEASING = YES;
				CLANG_WARN_BOOL_CONVERSION = YES;
				CLANG_WARN_COMMA = YES;
				CLANG_WARN_CONSTANT_CONVERSION = YES;
				CLANG_WARN_DEPRECATED_OBJC_IMPLEMENTATIONS = YES;
				CLANG_WARN_DIRECT_OBJC_ISA_USAGE = YES_ERROR;
				CLANG_WARN_DOCUMENTATION_COMMENTS = YES;
				CLANG_WARN_EMPTY_BODY = YES;
				CLANG_WARN_ENUM_CONVERSION = YES;
				CLANG_WARN_INFINITE_RECURSION = YES;
				CLANG_WARN_INT_CONVERSION = YES;
				CLANG_WARN_NON_LITERAL_NULL_CONVERSION = YES;
				CLANG_WARN_OBJC_IMPLICIT_RETAIN_SELF = YES;
				CLANG_WARN_OBJC_LITERAL_CONVERSION = YES;
				CLANG_WARN_OBJC_ROOT_CLASS = YES_ERROR;
				CLANG_WARN_RANGE_LOOP_ANALYSIS = YES;
				CLANG_WARN_STRICT_PROTOTYPES = YES;
				CLANG_WARN_SUSPICIOUS_MOVE = YES;
				CLANG_WARN_UNGUARDED_AVAILABILITY = YES_AGGRESSIVE;
				CLANG_WARN_UNREACHABLE_CODE = YES;
				CLANG_WARN__DUPLICATE_METHOD_MATCH = YES;
				COPY_PHASE_STRIP = NO;
				DEBUG_INFORMATION_FORMAT = "dwarf-with-dsym";
				ENABLE_NS_ASSERTIONS = NO;
				ENABLE_STRICT_OBJC_MSGSEND = YES;
				GCC_C_LANGUAGE_STANDARD = gnu11;
				GCC_NO_COMMON_BLOCKS = YES;
				GCC_WARN_64_TO_32_BIT_CONVERSION = YES;
				GCC_WARN_ABOUT_RETURN_TYPE = YES_ERROR;
				GCC_WARN_UNDECLARED_SELECTOR = YES;
				GCC_WARN_UNINITIALIZED_AUTOS = YES_AGGRESSIVE;
				GCC_WARN_UNUSED_FUNCTION = YES;
				GCC_WARN_UNUSED_VARIABLE = YES;
				IPHONEOS_DEPLOYMENT_TARGET = 13.1;
				MTL_ENABLE_DEBUG_INFO = NO;
				MTL_FAST_MATH = YES;
				SDKROOT = iphoneos;
				SWIFT_COMPILATION_MODE = wholemodule;
				SWIFT_OPTIMIZATION_LEVEL = "-O";
				VALIDATE_PRODUCT = YES;
			};
			name = Release;
		};
		51BC2516236CD58200C44F39 /* Debug */ = {
			isa = XCBuildConfiguration;
			buildSettings = {
				ASSETCATALOG_COMPILER_APPICON_NAME = AppIcon;
				CODE_SIGN_STYLE = Automatic;
				DEVELOPMENT_TEAM = 2LTFKU9364;
				INFOPLIST_FILE = DrawDraw/Info.plist;
				IPHONEOS_DEPLOYMENT_TARGET = 13.1;
				LD_RUNPATH_SEARCH_PATHS = (
					"$(inherited)",
					"@executable_path/Frameworks",
				);
				PRODUCT_BUNDLE_IDENTIFIER = com.masoodkamandy.DrawDraw;
				PRODUCT_NAME = "$(TARGET_NAME)";
				SWIFT_VERSION = 5.0;
				TARGETED_DEVICE_FAMILY = "1,2";
			};
			name = Debug;
		};
		51BC2517236CD58200C44F39 /* Release */ = {
			isa = XCBuildConfiguration;
			buildSettings = {
				ASSETCATALOG_COMPILER_APPICON_NAME = AppIcon;
				CODE_SIGN_STYLE = Automatic;
				DEVELOPMENT_TEAM = 2LTFKU9364;
				INFOPLIST_FILE = DrawDraw/Info.plist;
				IPHONEOS_DEPLOYMENT_TARGET = 13.1;
				LD_RUNPATH_SEARCH_PATHS = (
					"$(inherited)",
					"@executable_path/Frameworks",
				);
				PRODUCT_BUNDLE_IDENTIFIER = com.masoodkamandy.DrawDraw;
				PRODUCT_NAME = "$(TARGET_NAME)";
				SWIFT_VERSION = 5.0;
				TARGETED_DEVICE_FAMILY = "1,2";
			};
			name = Release;
		};
/* End XCBuildConfiguration section */

/* Begin XCConfigurationList section */
		51BC24FC236CD58000C44F39 /* Build configuration list for PBXProject "DrawDraw" */ = {
			isa = XCConfigurationList;
			buildConfigurations = (
				51BC2513236CD58200C44F39 /* Debug */,
				51BC2514236CD58200C44F39 /* Release */,
			);
			defaultConfigurationIsVisible = 0;
			defaultConfigurationName = Release;
		};
		51BC2515236CD58200C44F39 /* Build configuration list for PBXNativeTarget "DrawDraw" */ = {
			isa = XCConfigurationList;
			buildConfigurations = (
				51BC2516236CD58200C44F39 /* Debug */,
				51BC2517236CD58200C44F39 /* Release */,
			);
			defaultConfigurationIsVisible = 0;
			defaultConfigurationName = Release;
		};
/* End XCConfigurationList section */
	};
	rootObject = 51BC24F9236CD58000C44F39 /* Project object */;
}
